
Microsoft Visual Studio Solution File, Format Version 12.00
# Visual Studio 15
VisualStudioVersion = 15.0.28307.421
MinimumVisualStudioVersion = 10.0.40219.1
Project("{FAE04EC0-301F-11D3-BF4B-00C04F79EFBC}") = "Escape Button", "Escape Button\Escape Button.csproj", "{843BFDF3-CE4C-4801-BD99-17B9CD7214CF}"
EndProject
Project("{FAE04EC0-301F-11D3-BF4B-00C04F79EFBC}") = "Color palette", "Color palette\Color palette.csproj", "{DD41C125-CA36-4A51-AE2E-1B181E6EDC4E}"
EndProject
Project("{FAE04EC0-301F-11D3-BF4B-00C04F79EFBC}") = "Calculator", "Calculator\Calculator.csproj", "{8588430B-92C9-413F-A95D-362374FF1F30}"
EndProject
Global
	GlobalSection(SolutionConfigurationPlatforms) = preSolution
		Debug|Any CPU = Debug|Any CPU
		Release|Any CPU = Release|Any CPU
	EndGlobalSection
	GlobalSection(ProjectConfigurationPlatforms) = postSolution
		{843BFDF3-CE4C-4801-BD99-17B9CD7214CF}.Debug|Any CPU.ActiveCfg = Debug|Any CPU
		{843BFDF3-CE4C-4801-BD99-17B9CD7214CF}.Debug|Any CPU.Build.0 = Debug|Any CPU
		{843BFDF3-CE4C-4801-BD99-17B9CD7214CF}.Release|Any CPU.ActiveCfg = Release|Any CPU
		{843BFDF3-CE4C-4801-BD99-17B9CD7214CF}.Release|Any CPU.Build.0 = Release|Any CPU
		{DD41C125-CA36-4A51-AE2E-1B181E6EDC4E}.Debug|Any CPU.ActiveCfg = Debug|Any CPU
		{DD41C125-CA36-4A51-AE2E-1B181E6EDC4E}.Debug|Any CPU.Build.0 = Debug|Any CPU
		{DD41C125-CA36-4A51-AE2E-1B181E6EDC4E}.Release|Any CPU.ActiveCfg = Release|Any CPU
		{DD41C125-CA36-4A51-AE2E-1B181E6EDC4E}.Release|Any CPU.Build.0 = Release|Any CPU
		{8588430B-92C9-413F-A95D-362374FF1F30}.Debug|Any CPU.ActiveCfg = Debug|Any CPU
		{8588430B-92C9-413F-A95D-362374FF1F30}.Debug|Any CPU.Build.0 = Debug|Any CPU
		{8588430B-92C9-413F-A95D-362374FF1F30}.Release|Any CPU.ActiveCfg = Release|Any CPU
		{8588430B-92C9-413F-A95D-362374FF1F30}.Release|Any CPU.Build.0 = Release|Any CPU
	EndGlobalSection
	GlobalSection(SolutionProperties) = preSolution
		HideSolutionNode = FALSE
	EndGlobalSection
	GlobalSection(ExtensibilityGlobals) = postSolution
		SolutionGuid = {22A31C00-AF7D-4B43-9E5D-8E15AEF2B2DC}
	EndGlobalSection
EndGlobal
